
Microsoft Visual Studio Solution File, Format Version 12.00
# Visual Studio Version 17
VisualStudioVersion = 17.9.34902.65
MinimumVisualStudioVersion = 10.0.40219.1
Project("{FAE04EC0-301F-11D3-BF4B-00C04F79EFBC}") = "ExamenFinal", "ExamenFinal\ExamenFinal.csproj", "{5448242A-3573-4726-BD1B-2A8F06B7C33E}"
EndProject
Global
	GlobalSection(SolutionConfigurationPlatforms) = preSolution
		Debug|Any CPU = Debug|Any CPU
		Release|Any CPU = Release|Any CPU
	EndGlobalSection
	GlobalSection(ProjectConfigurationPlatforms) = postSolution
		{5448242A-3573-4726-BD1B-2A8F06B7C33E}.Debug|Any CPU.ActiveCfg = Debug|Any CPU
		{5448242A-3573-4726-BD1B-2A8F06B7C33E}.Debug|Any CPU.Build.0 = Debug|Any CPU
		{5448242A-3573-4726-BD1B-2A8F06B7C33E}.Release|Any CPU.ActiveCfg = Release|Any CPU
		{5448242A-3573-4726-BD1B-2A8F06B7C33E}.Release|Any CPU.Build.0 = Release|Any CPU
	EndGlobalSection
	GlobalSection(SolutionProperties) = preSolution
		HideSolutionNode = FALSE
	EndGlobalSection
	GlobalSection(ExtensibilityGlobals) = postSolution
		SolutionGuid = {2848A56F-0FC7-42DA-88EC-81263A5A5288}
	EndGlobalSection
EndGlobal
